
Microsoft Visual Studio Solution File, Format Version 12.00
# Visual Studio Version 16
VisualStudioVersion = 16.0.31624.102
MinimumVisualStudioVersion = 10.0.40219.1
Project("{FAE04EC0-301F-11D3-BF4B-00C04F79EFBC}") = "lab_6", "lab_6\lab_6.csproj", "{1D05847B-F901-471D-911C-01C9EF2A0F25}"
EndProject
Global
	GlobalSection(SolutionConfigurationPlatforms) = preSolution
		Debug|Any CPU = Debug|Any CPU
		Release|Any CPU = Release|Any CPU
	EndGlobalSection
	GlobalSection(ProjectConfigurationPlatforms) = postSolution
		{1D05847B-F901-471D-911C-01C9EF2A0F25}.Debug|Any CPU.ActiveCfg = Debug|Any CPU
		{1D05847B-F901-471D-911C-01C9EF2A0F25}.Debug|Any CPU.Build.0 = Debug|Any CPU
		{1D05847B-F901-471D-911C-01C9EF2A0F25}.Release|Any CPU.ActiveCfg = Release|Any CPU
		{1D05847B-F901-471D-911C-01C9EF2A0F25}.Release|Any CPU.Build.0 = Release|Any CPU
	EndGlobalSection
	GlobalSection(SolutionProperties) = preSolution
		HideSolutionNode = FALSE
	EndGlobalSection
	GlobalSection(ExtensibilityGlobals) = postSolution
		SolutionGuid = {880F3178-3AEF-4C4F-996F-10F426264805}
	EndGlobalSection
EndGlobal
